
Microsoft Visual Studio Solution File, Format Version 12.00
# Visual Studio Version 17
VisualStudioVersion = 17.14.36511.14
MinimumVisualStudioVersion = 10.0.40219.1
Project("{FAE04EC0-301F-11D3-BF4B-00C04F79EFBC}") = "DimaDB.Cli", "DimaDB.Cli\DimaDB.Cli.csproj", "{80FA8CEC-C812-4AC9-8635-662ADDDF2412}"
EndProject
Project("{FAE04EC0-301F-11D3-BF4B-00C04F79EFBC}") = "DimaDB.Repl", "DimaDB.Repl\DimaDB.Repl.csproj", "{87ED7F45-3034-4C9C-954F-5EEDBB8EBE95}"
EndProject
Project("{FAE04EC0-301F-11D3-BF4B-00C04F79EFBC}") = "DimaDB.Core", "DimaDB.Core\DimaDB.Core.csproj", "{398C8B1C-9518-4CD6-89BB-561BC4159506}"
EndProject
Project("{FAE04EC0-301F-11D3-BF4B-00C04F79EFBC}") = "DimaDB.SourceGenerator", "DimaDB.SourceGenerator\DimaDB.SourceGenerator.csproj", "{E91C7DB1-F969-9A4B-3621-CB69A20B071B}"
EndProject
Project("{FAE04EC0-301F-11D3-BF4B-00C04F79EFBC}") = "DimaDb.Core.Tests", "DimaDb.Core.Tests\DimaDb.Core.Tests.csproj", "{9852B5F1-C531-41A7-8410-ADF0C9F9BF5E}"
EndProject
Global
	GlobalSection(SolutionConfigurationPlatforms) = preSolution
		Debug|Any CPU = Debug|Any CPU
		Release|Any CPU = Release|Any CPU
	EndGlobalSection
	GlobalSection(ProjectConfigurationPlatforms) = postSolution
		{80FA8CEC-C812-4AC9-8635-662ADDDF2412}.Debug|Any CPU.ActiveCfg = Debug|Any CPU
		{80FA8CEC-C812-4AC9-8635-662ADDDF2412}.Debug|Any CPU.Build.0 = Debug|Any CPU
		{80FA8CEC-C812-4AC9-8635-662ADDDF2412}.Release|Any CPU.ActiveCfg = Release|Any CPU
		{80FA8CEC-C812-4AC9-8635-662ADDDF2412}.Release|Any CPU.Build.0 = Release|Any CPU
		{87ED7F45-3034-4C9C-954F-5EEDBB8EBE95}.Debug|Any CPU.ActiveCfg = Debug|Any CPU
		{87ED7F45-3034-4C9C-954F-5EEDBB8EBE95}.Debug|Any CPU.Build.0 = Debug|Any CPU
		{87ED7F45-3034-4C9C-954F-5EEDBB8EBE95}.Release|Any CPU.ActiveCfg = Release|Any CPU
		{87ED7F45-3034-4C9C-954F-5EEDBB8EBE95}.Release|Any CPU.Build.0 = Release|Any CPU
		{398C8B1C-9518-4CD6-89BB-561BC4159506}.Debug|Any CPU.ActiveCfg = Debug|Any CPU
		{398C8B1C-9518-4CD6-89BB-561BC4159506}.Debug|Any CPU.Build.0 = Debug|Any CPU
		{398C8B1C-9518-4CD6-89BB-561BC4159506}.Release|Any CPU.ActiveCfg = Release|Any CPU
		{398C8B1C-9518-4CD6-89BB-561BC4159506}.Release|Any CPU.Build.0 = Release|Any CPU
		{E91C7DB1-F969-9A4B-3621-CB69A20B071B}.Debug|Any CPU.ActiveCfg = Debug|Any CPU
		{E91C7DB1-F969-9A4B-3621-CB69A20B071B}.Debug|Any CPU.Build.0 = Debug|Any CPU
		{E91C7DB1-F969-9A4B-3621-CB69A20B071B}.Release|Any CPU.ActiveCfg = Release|Any CPU
		{E91C7DB1-F969-9A4B-3621-CB69A20B071B}.Release|Any CPU.Build.0 = Release|Any CPU
		{9852B5F1-C531-41A7-8410-ADF0C9F9BF5E}.Debug|Any CPU.ActiveCfg = Debug|Any CPU
		{9852B5F1-C531-41A7-8410-ADF0C9F9BF5E}.Debug|Any CPU.Build.0 = Debug|Any CPU
		{9852B5F1-C531-41A7-8410-ADF0C9F9BF5E}.Release|Any CPU.ActiveCfg = Release|Any CPU
		{9852B5F1-C531-41A7-8410-ADF0C9F9BF5E}.Release|Any CPU.Build.0 = Release|Any CPU
	EndGlobalSection
	GlobalSection(SolutionProperties) = preSolution
		HideSolutionNode = FALSE
	EndGlobalSection
	GlobalSection(ExtensibilityGlobals) = postSolution
		SolutionGuid = {54AC47A5-A62E-483B-9BCD-20F21A1F6319}
	EndGlobalSection
EndGlobal
